
Microsoft Visual Studio Solution File, Format Version 12.00
# Visual Studio Version 17
VisualStudioVersion = 17.4.33213.308
MinimumVisualStudioVersion = 10.0.40219.1
Project("{FAE04EC0-301F-11D3-BF4B-00C04F79EFBC}") = "BankApp", "BankApp\BankApp.csproj", "{5E6AA654-60CE-423A-9BAD-B70ACE2DADEC}"
EndProject
Global
	GlobalSection(SolutionConfigurationPlatforms) = preSolution
		Debug|Any CPU = Debug|Any CPU
		Release|Any CPU = Release|Any CPU
	EndGlobalSection
	GlobalSection(ProjectConfigurationPlatforms) = postSolution
		{5E6AA654-60CE-423A-9BAD-B70ACE2DADEC}.Debug|Any CPU.ActiveCfg = Debug|Any CPU
		{5E6AA654-60CE-423A-9BAD-B70ACE2DADEC}.Debug|Any CPU.Build.0 = Debug|Any CPU
		{5E6AA654-60CE-423A-9BAD-B70ACE2DADEC}.Release|Any CPU.ActiveCfg = Release|Any CPU
		{5E6AA654-60CE-423A-9BAD-B70ACE2DADEC}.Release|Any CPU.Build.0 = Release|Any CPU
	EndGlobalSection
	GlobalSection(SolutionProperties) = preSolution
		HideSolutionNode = FALSE
	EndGlobalSection
	GlobalSection(ExtensibilityGlobals) = postSolution
		SolutionGuid = {A98501E2-F66E-4F7F-BBC0-070DA39BE997}
	EndGlobalSection
EndGlobal
